PODS:
  - BitcoinKit (1.0.1)
  - KeychainAccess (3.1.1)

DEPENDENCIES:
  - BitcoinKit
  - KeychainAccess

SPEC REPOS:
  https://github.com/cocoapods/specs.git:
    - BitcoinKit
    - KeychainAccess

SPEC CHECKSUMS:
  BitcoinKit: c23a32263524ba0f2bfcc3aa7a90ed4537856f88
  KeychainAccess: 7bd430028059754a3debab3cfc0bd1fc7fb85df3

PODFILE CHECKSUM: 773c25732bcc89c743d05cf9e640720a9ffb65e8

COCOAPODS: 1.5.3
