// !$*UTF8*$!
{
	archiveVersion = 1;
	classes = {
	};
	objectVersion = 50;
	objects = {

/* Begin PBXBuildFile section */
		31E0F83643FDB6EFDB3D77F6 /* Pods_bitcoinappUITests.framework in Frameworks */ = {isa = PBXBuildFile; fileRef = ABD909F8E1BAC100D4EA5643 /* Pods_bitcoinappUITests.framework */; };
		4425CCD8213FA7D5003368CD /* R.generated.swift in Sources */ = {isa = PBXBuildFile; fileRef = 4425CCD7213FA7D5003368CD /* R.generated.swift */; };
		4425CCDB213FB29F003368CD /* WalletContainer.swift in Sources */ = {isa = PBXBuildFile; fileRef = 4425CCDA213FB29F003368CD /* WalletContainer.swift */; };
		4425CCDD213FC2EA003368CD /* ApiClient.swift in Sources */ = {isa = PBXBuildFile; fileRef = 4425CCDC213FC2EA003368CD /* ApiClient.swift */; };
		4425CCE0213FDFF9003368CD /* UtxoEntity.swift in Sources */ = {isa = PBXBuildFile; fileRef = 4425CCDF213FDFF9003368CD /* UtxoEntity.swift */; };
		44B889AA213E295800B54776 /* AppDelegate.swift in Sources */ = {isa = PBXBuildFile; fileRef = 44B889A9213E295800B54776 /* AppDelegate.swift */; };
		44B889AC213E295800B54776 /* MainViewController.swift in Sources */ = {isa = PBXBuildFile; fileRef = 44B889AB213E295800B54776 /* MainViewController.swift */; };
		44B889AF213E295800B54776 /* Main.storyboard in Resources */ = {isa = PBXBuildFile; fileRef = 44B889AD213E295800B54776 /* Main.storyboard */; };
		44B889B1213E295A00B54776 /* Assets.xcassets in Resources */ = {isa = PBXBuildFile; fileRef = 44B889B0213E295A00B54776 /* Assets.xcassets */; };
		44B889B4213E295A00B54776 /* LaunchScreen.storyboard in Resources */ = {isa = PBXBuildFile; fileRef = 44B889B2213E295A00B54776 /* LaunchScreen.storyboard */; };
		44B889BF213E295A00B54776 /* bitcoinappTests.swift in Sources */ = {isa = PBXBuildFile; fileRef = 44B889BE213E295A00B54776 /* bitcoinappTests.swift */; };
		44B889CA213E295A00B54776 /* bitcoinappUITests.swift in Sources */ = {isa = PBXBuildFile; fileRef = 44B889C9213E295A00B54776 /* bitcoinappUITests.swift */; };
		6BA60AB06AA39263F795298F /* Pods_bitcoinapp.framework in Frameworks */ = {isa = PBXBuildFile; fileRef = 1947559EAEA920BD9845D80D /* Pods_bitcoinapp.framework */; };
		C0F6B0B611642FABEDA9A630 /* Pods_bitcoinappTests.framework in Frameworks */ = {isa = PBXBuildFile; fileRef = 67275D17EBD6E138BFB9E9A1 /* Pods_bitcoinappTests.framework */; };
/* End PBXBuildFile section */

/* Begin PBXContainerItemProxy section */
		44B889BB213E295A00B54776 /* PBXContainerItemProxy */ = {
			isa = PBXContainerItemProxy;
			containerPortal = 44B8899E213E295800B54776 /* Project object */;
			proxyType = 1;
			remoteGlobalIDString = 44B889A5213E295800B54776;
			remoteInfo = bitcoinapp;
		};
		44B889C6213E295A00B54776 /* PBXContainerItemProxy */ = {
			isa = PBXContainerItemProxy;
			containerPortal = 44B8899E213E295800B54776 /* Project object */;
			proxyType = 1;
			remoteGlobalIDString = 44B889A5213E295800B54776;
			remoteInfo = bitcoinapp;
		};
/* End PBXContainerItemProxy section */

/* Begin PBXFileReference section */
		1947559EAEA920BD9845D80D /* Pods_bitcoinapp.framework */ = {isa = PBXFileReference; explicitFileType = wrapper.framework; includeInIndex = 0; path = Pods_bitcoinapp.framework; sourceTree = BUILT_PRODUCTS_DIR; };
		2238900BAA8BA4D730C9EF14 /* Pods-bitcoinappTests.release.xcconfig */ = {isa = PBXFileReference; includeInIndex = 1; lastKnownFileType = text.xcconfig; name = "Pods-bitcoinappTests.release.xcconfig"; path = "Pods/Target Support Files/Pods-bitcoinappTests/Pods-bitcoinappTests.release.xcconfig"; sourceTree = "<group>"; };
		260022EDD6412347127CBE09 /* Pods-bitcoinappUITests.debug.xcconfig */ = {isa = PBXFileReference; includeInIndex = 1; lastKnownFileType = text.xcconfig; name = "Pods-bitcoinappUITests.debug.xcconfig"; path = "Pods/Target Support Files/Pods-bitcoinappUITests/Pods-bitcoinappUITests.debug.xcconfig"; sourceTree = "<group>"; };
		39CBB122C826F002D74838AC /* Pods-bitcoinapp.release.xcconfig */ = {isa = PBXFileReference; includeInIndex = 1; lastKnownFileType = text.xcconfig; name = "Pods-bitcoinapp.release.xcconfig"; path = "Pods/Target Support Files/Pods-bitcoinapp/Pods-bitcoinapp.release.xcconfig"; sourceTree = "<group>"; };
		4425CCD7213FA7D5003368CD /* R.generated.swift */ = {isa = PBXFileReference; fileEncoding = 4; lastKnownFileType = sourcecode.swift; path = R.generated.swift; sourceTree = SOURCE_ROOT; };
		4425CCDA213FB29F003368CD /* WalletContainer.swift */ = {isa = PBXFileReference; lastKnownFileType = sourcecode.swift; path = WalletContainer.swift; sourceTree = "<group>"; };
		4425CCDC213FC2EA003368CD /* ApiClient.swift */ = {isa = PBXFileReference; lastKnownFileType = sourcecode.swift; path = ApiClient.swift; sourceTree = "<group>"; };
		4425CCDF213FDFF9003368CD /* UtxoEntity.swift */ = {isa = PBXFileReference; lastKnownFileType = sourcecode.swift; path = UtxoEntity.swift; sourceTree = "<group>"; };
		44B889A6213E295800B54776 /* bitcoinapp.app */ = {isa = PBXFileReference; explicitFileType = wrapper.application; includeInIndex = 0; path = bitcoinapp.app; sourceTree = BUILT_PRODUCTS_DIR; };
		44B889A9213E295800B54776 /* AppDelegate.swift */ = {isa = PBXFileReference; lastKnownFileType = sourcecode.swift; path = AppDelegate.swift; sourceTree = "<group>"; };
		44B889AB213E295800B54776 /* MainViewController.swift */ = {isa = PBXFileReference; lastKnownFileType = sourcecode.swift; path = MainViewController.swift; sourceTree = "<group>"; };
		44B889AE213E295800B54776 /* Base */ = {isa = PBXFileReference; lastKnownFileType = file.storyboard; name = Base; path = Base.lproj/Main.storyboard; sourceTree = "<group>"; };
		44B889B0213E295A00B54776 /* Assets.xcassets */ = {isa = PBXFileReference; lastKnownFileType = folder.assetcatalog; path = Assets.xcassets; sourceTree = "<group>"; };
		44B889B3213E295A00B54776 /* Base */ = {isa = PBXFileReference; lastKnownFileType = file.storyboard; name = Base; path = Base.lproj/LaunchScreen.storyboard; sourceTree = "<group>"; };
		44B889B5213E295A00B54776 /* Info.plist */ = {isa = PBXFileReference; lastKnownFileType = text.plist.xml; path = Info.plist; sourceTree = "<group>"; };
		44B889BA213E295A00B54776 /* bitcoinappTests.xctest */ = {isa = PBXFileReference; explicitFileType = wrapper.cfbundle; includeInIndex = 0; path = bitcoinappTests.xctest; sourceTree = BUILT_PRODUCTS_DIR; };
		44B889BE213E295A00B54776 /* bitcoinappTests.swift */ = {isa = PBXFileReference; lastKnownFileType = sourcecode.swift; path = bitcoinappTests.swift; sourceTree = "<group>"; };
		44B889C0213E295A00B54776 /* Info.plist */ = {isa = PBXFileReference; lastKnownFileType = text.plist.xml; path = Info.plist; sourceTree = "<group>"; };
		44B889C5213E295A00B54776 /* bitcoinappUITests.xctest */ = {isa = PBXFileReference; explicitFileType = wrapper.cfbundle; includeInIndex = 0; path = bitcoinappUITests.xctest; sourceTree = BUILT_PRODUCTS_DIR; };
		44B889C9213E295A00B54776 /* bitcoinappUITests.swift */ = {isa = PBXFileReference; lastKnownFileType = sourcecode.swift; path = bitcoinappUITests.swift; sourceTree = "<group>"; };
		44B889CB213E295A00B54776 /* Info.plist */ = {isa = PBXFileReference; lastKnownFileType = text.plist.xml; path = Info.plist; sourceTree = "<group>"; };
		67275D17EBD6E138BFB9E9A1 /* Pods_bitcoinappTests.framework */ = {isa = PBXFileReference; explicitFileType = wrapper.framework; includeInIndex = 0; path = Pods_bitcoinappTests.framework; sourceTree = BUILT_PRODUCTS_DIR; };
		6A8B78DC329345BDC77F2838 /* Pods-bitcoinapp.debug.xcconfig */ = {isa = PBXFileReference; includeInIndex = 1; lastKnownFileType = text.xcconfig; name = "Pods-bitcoinapp.debug.xcconfig"; path = "Pods/Target Support Files/Pods-bitcoinapp/Pods-bitcoinapp.debug.xcconfig"; sourceTree = "<group>"; };
		8CC98887D4611FF078FE1909 /* Pods-bitcoinappUITests.release.xcconfig */ = {isa = PBXFileReference; includeInIndex = 1; lastKnownFileType = text.xcconfig; name = "Pods-bitcoinappUITests.release.xcconfig"; path = "Pods/Target Support Files/Pods-bitcoinappUITests/Pods-bitcoinappUITests.release.xcconfig"; sourceTree = "<group>"; };
		A266E122B8973FA7F31CF6EB /* Pods-bitcoinappTests.debug.xcconfig */ = {isa = PBXFileReference; includeInIndex = 1; lastKnownFileType = text.xcconfig; name = "Pods-bitcoinappTests.debug.xcconfig"; path = "Pods/Target Support Files/Pods-bitcoinappTests/Pods-bitcoinappTests.debug.xcconfig"; sourceTree = "<group>"; };
		ABD909F8E1BAC100D4EA5643 /* Pods_bitcoinappUITests.framework */ = {isa = PBXFileReference; explicitFileType = wrapper.framework; includeInIndex = 0; path = Pods_bitcoinappUITests.framework; sourceTree = BUILT_PRODUCTS_DIR; };
/* End PBXFileReference section */

/* Begin PBXFrameworksBuildPhase section */
		44B889A3213E295800B54776 /* Frameworks */ = {
			isa = PBXFrameworksBuildPhase;
			buildActionMask = 2147483647;
			files = (
				6BA60AB06AA39263F795298F /* Pods_bitcoinapp.framework in Frameworks */,
			);
			runOnlyForDeploymentPostprocessing = 0;
		};
		44B889B7213E295A00B54776 /* Frameworks */ = {
			isa = PBXFrameworksBuildPhase;
			buildActionMask = 2147483647;
			files = (
				C0F6B0B611642FABEDA9A630 /* Pods_bitcoinappTests.framework in Frameworks */,
			);
			runOnlyForDeploymentPostprocessing = 0;
		};
		44B889C2213E295A00B54776 /* Frameworks */ = {
			isa = PBXFrameworksBuildPhase;
			buildActionMask = 2147483647;
			files = (
				31E0F83643FDB6EFDB3D77F6 /* Pods_bitcoinappUITests.framework in Frameworks */,
			);
			runOnlyForDeploymentPostprocessing = 0;
		};
/* End PBXFrameworksBuildPhase section */

/* Begin PBXGroup section */
		4425CCD9213FB264003368CD /* Services */ = {
			isa = PBXGroup;
			children = (
				4425CCDA213FB29F003368CD /* WalletContainer.swift */,
				4425CCDC213FC2EA003368CD /* ApiClient.swift */,
			);
			path = Services;
			sourceTree = "<group>";
		};
		4425CCDE213FDFD4003368CD /* Data */ = {
			isa = PBXGroup;
			children = (
				4425CCDF213FDFF9003368CD /* UtxoEntity.swift */,
			);
			path = Data;
			sourceTree = "<group>";
		};
		44B8899D213E295800B54776 = {
			isa = PBXGroup;
			children = (
				44B889A8213E295800B54776 /* bitcoinapp */,
				44B889BD213E295A00B54776 /* bitcoinappTests */,
				44B889C8213E295A00B54776 /* bitcoinappUITests */,
				44B889A7213E295800B54776 /* Products */,
				F2A4C24B0B35C53961052309 /* Pods */,
				7C1DCECEB36410381452CA21 /* Frameworks */,
			);
			sourceTree = "<group>";
		};
		44B889A7213E295800B54776 /* Products */ = {
			isa = PBXGroup;
			children = (
				44B889A6213E295800B54776 /* bitcoinapp.app */,
				44B889BA213E295A00B54776 /* bitcoinappTests.xctest */,
				44B889C5213E295A00B54776 /* bitcoinappUITests.xctest */,
			);
			name = Products;
			sourceTree = "<group>";
		};
		44B889A8213E295800B54776 /* bitcoinapp */ = {
			isa = PBXGroup;
			children = (
				44B889A9213E295800B54776 /* AppDelegate.swift */,
				4425CCDE213FDFD4003368CD /* Data */,
				4425CCD9213FB264003368CD /* Services */,
				44B889D7213E299B00B54776 /* Controllers */,
				44B889B0213E295A00B54776 /* Assets.xcassets */,
				44B889B2213E295A00B54776 /* LaunchScreen.storyboard */,
				4425CCD7213FA7D5003368CD /* R.generated.swift */,
				44B889B5213E295A00B54776 /* Info.plist */,
			);
			path = bitcoinapp;
			sourceTree = "<group>";
		};
		44B889BD213E295A00B54776 /* bitcoinappTests */ = {
			isa = PBXGroup;
			children = (
				44B889BE213E295A00B54776 /* bitcoinappTests.swift */,
				44B889C0213E295A00B54776 /* Info.plist */,
			);
			path = bitcoinappTests;
			sourceTree = "<group>";
		};
		44B889C8213E295A00B54776 /* bitcoinappUITests */ = {
			isa = PBXGroup;
			children = (
				44B889C9213E295A00B54776 /* bitcoinappUITests.swift */,
				44B889CB213E295A00B54776 /* Info.plist */,
			);
			path = bitcoinappUITests;
			sourceTree = "<group>";
		};
		44B889D7213E299B00B54776 /* Controllers */ = {
			isa = PBXGroup;
			children = (
				44B889AB213E295800B54776 /* MainViewController.swift */,
				44B889AD213E295800B54776 /* Main.storyboard */,
			);
			path = Controllers;
			sourceTree = "<group>";
		};
		7C1DCECEB36410381452CA21 /* Frameworks */ = {
			isa = PBXGroup;
			children = (
				1947559EAEA920BD9845D80D /* Pods_bitcoinapp.framework */,
				67275D17EBD6E138BFB9E9A1 /* Pods_bitcoinappTests.framework */,
				ABD909F8E1BAC100D4EA5643 /* Pods_bitcoinappUITests.framework */,
			);
			name = Frameworks;
			sourceTree = "<group>";
		};
		F2A4C24B0B35C53961052309 /* Pods */ = {
			isa = PBXGroup;
			children = (
				6A8B78DC329345BDC77F2838 /* Pods-bitcoinapp.debug.xcconfig */,
				39CBB122C826F002D74838AC /* Pods-bitcoinapp.release.xcconfig */,
				A266E122B8973FA7F31CF6EB /* Pods-bitcoinappTests.debug.xcconfig */,
				2238900BAA8BA4D730C9EF14 /* Pods-bitcoinappTests.release.xcconfig */,
				260022EDD6412347127CBE09 /* Pods-bitcoinappUITests.debug.xcconfig */,
				8CC98887D4611FF078FE1909 /* Pods-bitcoinappUITests.release.xcconfig */,
			);
			name = Pods;
			sourceTree = "<group>";
		};
/* End PBXGroup section */

/* Begin PBXNativeTarget section */
		44B889A5213E295800B54776 /* bitcoinapp */ = {
			isa = PBXNativeTarget;
			buildConfigurationList = 44B889CE213E295A00B54776 /* Build configuration list for PBXNativeTarget "bitcoinapp" */;
			buildPhases = (
				85986F07BAE85D8A81671560 /* [CP] Check Pods Manifest.lock */,
				44B889A2213E295800B54776 /* Sources */,
				44B889A3213E295800B54776 /* Frameworks */,
				44B889A4213E295800B54776 /* Resources */,
				4F09CAE58D19E319ACC79A29 /* [CP] Embed Pods Frameworks */,
				4425CCD6213FA78B003368CD /* ShellScript */,
			);
			buildRules = (
			);
			dependencies = (
			);
			name = bitcoinapp;
			productName = bitcoinapp;
			productReference = 44B889A6213E295800B54776 /* bitcoinapp.app */;
			productType = "com.apple.product-type.application";
		};
		44B889B9213E295A00B54776 /* bitcoinappTests */ = {
			isa = PBXNativeTarget;
			buildConfigurationList = 44B889D1213E295A00B54776 /* Build configuration list for PBXNativeTarget "bitcoinappTests" */;
			buildPhases = (
				D5AB074C9124F0206E70D796 /* [CP] Check Pods Manifest.lock */,
				44B889B6213E295A00B54776 /* Sources */,
				44B889B7213E295A00B54776 /* Frameworks */,
				44B889B8213E295A00B54776 /* Resources */,
			);
			buildRules = (
			);
			dependencies = (
				44B889BC213E295A00B54776 /* PBXTargetDependency */,
			);
			name = bitcoinappTests;
			productName = bitcoinappTests;
			productReference = 44B889BA213E295A00B54776 /* bitcoinappTests.xctest */;
			productType = "com.apple.product-type.bundle.unit-test";
		};
		44B889C4213E295A00B54776 /* bitcoinappUITests */ = {
			isa = PBXNativeTarget;
			buildConfigurationList = 44B889D4213E295A00B54776 /* Build configuration list for PBXNativeTarget "bitcoinappUITests" */;
			buildPhases = (
				24310C7844780C91C6840D40 /* [CP] Check Pods Manifest.lock */,
				44B889C1213E295A00B54776 /* Sources */,
				44B889C2213E295A00B54776 /* Frameworks */,
				44B889C3213E295A00B54776 /* Resources */,
			);
			buildRules = (
			);
			dependencies = (
				44B889C7213E295A00B54776 /* PBXTargetDependency */,
			);
			name = bitcoinappUITests;
			productName = bitcoinappUITests;
			productReference = 44B889C5213E295A00B54776 /* bitcoinappUITests.xctest */;
			productType = "com.apple.product-type.bundle.ui-testing";
		};
/* End PBXNativeTarget section */

/* Begin PBXProject section */
		44B8899E213E295800B54776 /* Project object */ = {
			isa = PBXProject;
			attributes = {
				LastSwiftUpdateCheck = 0940;
				LastUpgradeCheck = 0940;
				ORGANIZATIONNAME = yoshinbo;
				TargetAttributes = {
					44B889A5213E295800B54776 = {
						CreatedOnToolsVersion = 9.4.1;
					};
					44B889B9213E295A00B54776 = {
						CreatedOnToolsVersion = 9.4.1;
						TestTargetID = 44B889A5213E295800B54776;
					};
					44B889C4213E295A00B54776 = {
						CreatedOnToolsVersion = 9.4.1;
						TestTargetID = 44B889A5213E295800B54776;
					};
				};
			};
			buildConfigurationList = 44B889A1213E295800B54776 /* Build configuration list for PBXProject "bitcoinapp" */;
			compatibilityVersion = "Xcode 9.3";
			developmentRegion = en;
			hasScannedForEncodings = 0;
			knownRegions = (
				en,
				Base,
			);
			mainGroup = 44B8899D213E295800B54776;
			productRefGroup = 44B889A7213E295800B54776 /* Products */;
			projectDirPath = "";
			projectRoot = "";
			targets = (
				44B889A5213E295800B54776 /* bitcoinapp */,
				44B889B9213E295A00B54776 /* bitcoinappTests */,
				44B889C4213E295A00B54776 /* bitcoinappUITests */,
			);
		};
/* End PBXProject section */

/* Begin PBXResourcesBuildPhase section */
		44B889A4213E295800B54776 /* Resources */ = {
			isa = PBXResourcesBuildPhase;
			buildActionMask = 2147483647;
			files = (
				44B889B4213E295A00B54776 /* LaunchScreen.storyboard in Resources */,
				44B889B1213E295A00B54776 /* Assets.xcassets in Resources */,
				44B889AF213E295800B54776 /* Main.storyboard in Resources */,
			);
			runOnlyForDeploymentPostprocessing = 0;
		};
		44B889B8213E295A00B54776 /* Resources */ = {
			isa = PBXResourcesBuildPhase;
			buildActionMask = 2147483647;
			files = (
			);
			runOnlyForDeploymentPostprocessing = 0;
		};
		44B889C3213E295A00B54776 /* Resources */ = {
			isa = PBXResourcesBuildPhase;
			buildActionMask = 2147483647;
			files = (
			);
			runOnlyForDeploymentPostprocessing = 0;
		};
/* End PBXResourcesBuildPhase section */

/* Begin PBXShellScriptBuildPhase section */
		24310C7844780C91C6840D40 /* [CP] Check Pods Manifest.lock */ = {
			isa = PBXShellScriptBuildPhase;
			buildActionMask = 2147483647;
			files = (
			);
			inputPaths = (
				"${PODS_PODFILE_DIR_PATH}/Podfile.lock",
				"${PODS_ROOT}/Manifest.lock",
			);
			name = "[CP] Check Pods Manifest.lock";
			outputPaths = (
				"$(DERIVED_FILE_DIR)/Pods-bitcoinappUITests-checkManifestLockResult.txt",
			);
			runOnlyForDeploymentPostprocessing = 0;
			shellPath = /bin/sh;
			shellScript = "diff \"${PODS_PODFILE_DIR_PATH}/Podfile.lock\" \"${PODS_ROOT}/Manifest.lock\" > /dev/null\nif [ $? != 0 ] ; then\n    # print error to STDERR\n    echo \"error: The sandbox is not in sync with the Podfile.lock. Run 'pod install' or update your CocoaPods installation.\" >&2\n    exit 1\nfi\n# This output is used by Xcode 'outputs' to avoid re-running this script phase.\necho \"SUCCESS\" > \"${SCRIPT_OUTPUT_FILE_0}\"\n";
			showEnvVarsInLog = 0;
		};
		4425CCD6213FA78B003368CD /* ShellScript */ = {
			isa = PBXShellScriptBuildPhase;
			buildActionMask = 2147483647;
			files = (
			);
			inputPaths = (
			);
			outputPaths = (
			);
			runOnlyForDeploymentPostprocessing = 0;
			shellPath = /bin/sh;
			shellScript = "\"$PODS_ROOT/R.swift/rswift\" generate \"$SRCROOT\"";
		};
		4F09CAE58D19E319ACC79A29 /* [CP] Embed Pods Frameworks */ = {
			isa = PBXShellScriptBuildPhase;
			buildActionMask = 2147483647;
			files = (
			);
			inputPaths = (
				"${SRCROOT}/Pods/Target Support Files/Pods-bitcoinapp/Pods-bitcoinapp-frameworks.sh",
				"${BUILT_PRODUCTS_DIR}/Alamofire/Alamofire.framework",
				"${BUILT_PRODUCTS_DIR}/BitcoinKit/BitcoinKit.framework",
				"${BUILT_PRODUCTS_DIR}/KeychainAccess/KeychainAccess.framework",
				"${BUILT_PRODUCTS_DIR}/ObjectMapper/ObjectMapper.framework",
				"${BUILT_PRODUCTS_DIR}/R.swift.Library/Rswift.framework",
				"${BUILT_PRODUCTS_DIR}/RxSwift/RxSwift.framework",
				"${BUILT_PRODUCTS_DIR}/SwiftyJSON/SwiftyJSON.framework",
			);
			name = "[CP] Embed Pods Frameworks";
			outputPaths = (
				"${TARGET_BUILD_DIR}/${FRAMEWORKS_FOLDER_PATH}/Alamofire.framework",
				"${TARGET_BUILD_DIR}/${FRAMEWORKS_FOLDER_PATH}/BitcoinKit.framework",
				"${TARGET_BUILD_DIR}/${FRAMEWORKS_FOLDER_PATH}/KeychainAccess.framework",
				"${TARGET_BUILD_DIR}/${FRAMEWORKS_FOLDER_PATH}/ObjectMapper.framework",
				"${TARGET_BUILD_DIR}/${FRAMEWORKS_FOLDER_PATH}/Rswift.framework",
				"${TARGET_BUILD_DIR}/${FRAMEWORKS_FOLDER_PATH}/RxSwift.framework",
				"${TARGET_BUILD_DIR}/${FRAMEWORKS_FOLDER_PATH}/SwiftyJSON.framework",
			);
			runOnlyForDeploymentPostprocessing = 0;
			shellPath = /bin/sh;
			shellScript = "\"${SRCROOT}/Pods/Target Support Files/Pods-bitcoinapp/Pods-bitcoinapp-frameworks.sh\"\n";
			showEnvVarsInLog = 0;
		};
		85986F07BAE85D8A81671560 /* [CP] Check Pods Manifest.lock */ = {
			isa = PBXShellScriptBuildPhase;
			buildActionMask = 2147483647;
			files = (
			);
			inputPaths = (
				"${PODS_PODFILE_DIR_PATH}/Podfile.lock",
				"${PODS_ROOT}/Manifest.lock",
			);
			name = "[CP] Check Pods Manifest.lock";
			outputPaths = (
				"$(DERIVED_FILE_DIR)/Pods-bitcoinapp-checkManifestLockResult.txt",
			);
			runOnlyForDeploymentPostprocessing = 0;
			shellPath = /bin/sh;
			shellScript = "diff \"${PODS_PODFILE_DIR_PATH}/Podfile.lock\" \"${PODS_ROOT}/Manifest.lock\" > /dev/null\nif [ $? != 0 ] ; then\n    # print error to STDERR\n    echo \"error: The sandbox is not in sync with the Podfile.lock. Run 'pod install' or update your CocoaPods installation.\" >&2\n    exit 1\nfi\n# This output is used by Xcode 'outputs' to avoid re-running this script phase.\necho \"SUCCESS\" > \"${SCRIPT_OUTPUT_FILE_0}\"\n";
			showEnvVarsInLog = 0;
		};
		D5AB074C9124F0206E70D796 /* [CP] Check Pods Manifest.lock */ = {
			isa = PBXShellScriptBuildPhase;
			buildActionMask = 2147483647;
			files = (
			);
			inputPaths = (
				"${PODS_PODFILE_DIR_PATH}/Podfile.lock",
				"${PODS_ROOT}/Manifest.lock",
			);
			name = "[CP] Check Pods Manifest.lock";
			outputPaths = (
				"$(DERIVED_FILE_DIR)/Pods-bitcoinappTests-checkManifestLockResult.txt",
			);
			runOnlyForDeploymentPostprocessing = 0;
			shellPath = /bin/sh;
			shellScript = "diff \"${PODS_PODFILE_DIR_PATH}/Podfile.lock\" \"${PODS_ROOT}/Manifest.lock\" > /dev/null\nif [ $? != 0 ] ; then\n    # print error to STDERR\n    echo \"error: The sandbox is not in sync with the Podfile.lock. Run 'pod install' or update your CocoaPods installation.\" >&2\n    exit 1\nfi\n# This output is used by Xcode 'outputs' to avoid re-running this script phase.\necho \"SUCCESS\" > \"${SCRIPT_OUTPUT_FILE_0}\"\n";
			showEnvVarsInLog = 0;
		};
/* End PBXShellScriptBuildPhase section */

/* Begin PBXSourcesBuildPhase section */
		44B889A2213E295800B54776 /* Sources */ = {
			isa = PBXSourcesBuildPhase;
			buildActionMask = 2147483647;
			files = (
				4425CCDB213FB29F003368CD /* WalletContainer.swift in Sources */,
				44B889AC213E295800B54776 /* MainViewController.swift in Sources */,
				44B889AA213E295800B54776 /* AppDelegate.swift in Sources */,
				4425CCD8213FA7D5003368CD /* R.generated.swift in Sources */,
				4425CCE0213FDFF9003368CD /* UtxoEntity.swift in Sources */,
				4425CCDD213FC2EA003368CD /* ApiClient.swift in Sources */,
			);
			runOnlyForDeploymentPostprocessing = 0;
		};
		44B889B6213E295A00B54776 /* Sources */ = {
			isa = PBXSourcesBuildPhase;
			buildActionMask = 2147483647;
			files = (
				44B889BF213E295A00B54776 /* bitcoinappTests.swift in Sources */,
			);
			runOnlyForDeploymentPostprocessing = 0;
		};
		44B889C1213E295A00B54776 /* Sources */ = {
			isa = PBXSourcesBuildPhase;
			buildActionMask = 2147483647;
			files = (
				44B889CA213E295A00B54776 /* bitcoinappUITests.swift in Sources */,
			);
			runOnlyForDeploymentPostprocessing = 0;
		};
/* End PBXSourcesBuildPhase section */

/* Begin PBXTargetDependency section */
		44B889BC213E295A00B54776 /* PBXTargetDependency */ = {
			isa = PBXTargetDependency;
			target = 44B889A5213E295800B54776 /* bitcoinapp */;
			targetProxy = 44B889BB213E295A00B54776 /* PBXContainerItemProxy */;
		};
		44B889C7213E295A00B54776 /* PBXTargetDependency */ = {
			isa = PBXTargetDependency;
			target = 44B889A5213E295800B54776 /* bitcoinapp */;
			targetProxy = 44B889C6213E295A00B54776 /* PBXContainerItemProxy */;
		};
/* End PBXTargetDependency section */

/* Begin PBXVariantGroup section */
		44B889AD213E295800B54776 /* Main.storyboard */ = {
			isa = PBXVariantGroup;
			children = (
				44B889AE213E295800B54776 /* Base */,
			);
			name = Main.storyboard;
			sourceTree = "<group>";
		};
		44B889B2213E295A00B54776 /* LaunchScreen.storyboard */ = {
			isa = PBXVariantGroup;
			children = (
				44B889B3213E295A00B54776 /* Base */,
			);
			name = LaunchScreen.storyboard;
			sourceTree = "<group>";
		};
/* End PBXVariantGroup section */

/* Begin XCBuildConfiguration section */
		44B889CC213E295A00B54776 /* Debug */ = {
			isa = XCBuildConfiguration;
			buildSettings = {
				ALWAYS_SEARCH_USER_PATHS = NO;
				CLANG_ANALYZER_NONNULL = YES;
				CLANG_ANALYZER_NUMBER_OBJECT_CONVERSION = YES_AGGRESSIVE;
				CLANG_CXX_LANGUAGE_STANDARD = "gnu++14";
				CLANG_CXX_LIBRARY = "libc++";
				CLANG_ENABLE_MODULES = YES;
				CLANG_ENABLE_OBJC_ARC = YES;
				CLANG_ENABLE_OBJC_WEAK = YES;
				CLANG_WARN_BLOCK_CAPTURE_AUTORELEASING = YES;
				CLANG_WARN_BOOL_CONVERSION = YES;
				CLANG_WARN_COMMA = YES;
				CLANG_WARN_CONSTANT_CONVERSION = YES;
				CLANG_WARN_DEPRECATED_OBJC_IMPLEMENTATIONS = YES;
				CLANG_WARN_DIRECT_OBJC_ISA_USAGE = YES_ERROR;
				CLANG_WARN_DOCUMENTATION_COMMENTS = YES;
				CLANG_WARN_EMPTY_BODY = YES;
				CLANG_WARN_ENUM_CONVERSION = YES;
				CLANG_WARN_INFINITE_RECURSION = YES;
				CLANG_WARN_INT_CONVERSION = YES;
				CLANG_WARN_NON_LITERAL_NULL_CONVERSION = YES;
				CLANG_WARN_OBJC_IMPLICIT_RETAIN_SELF = YES;
				CLANG_WARN_OBJC_LITERAL_CONVERSION = YES;
				CLANG_WARN_OBJC_ROOT_CLASS = YES_ERROR;
				CLANG_WARN_RANGE_LOOP_ANALYSIS = YES;
				CLANG_WARN_STRICT_PROTOTYPES = YES;
				CLANG_WARN_SUSPICIOUS_MOVE = YES;
				CLANG_WARN_UNGUARDED_AVAILABILITY = YES_AGGRESSIVE;
				CLANG_WARN_UNREACHABLE_CODE = YES;
				CLANG_WARN__DUPLICATE_METHOD_MATCH = YES;
				CODE_SIGN_IDENTITY = "iPhone Developer";
				COPY_PHASE_STRIP = NO;
				DEBUG_INFORMATION_FORMAT = dwarf;
				ENABLE_STRICT_OBJC_MSGSEND = YES;
				ENABLE_TESTABILITY = YES;
				GCC_C_LANGUAGE_STANDARD = gnu11;
				GCC_DYNAMIC_NO_PIC = NO;
				GCC_NO_COMMON_BLOCKS = YES;
				GCC_OPTIMIZATION_LEVEL = 0;
				GCC_PREPROCESSOR_DEFINITIONS = (
					"DEBUG=1",
					"$(inherited)",
				);
				GCC_WARN_64_TO_32_BIT_CONVERSION = YES;
				GCC_WARN_ABOUT_RETURN_TYPE = YES_ERROR;
				GCC_WARN_UNDECLARED_SELECTOR = YES;
				GCC_WARN_UNINITIALIZED_AUTOS = YES_AGGRESSIVE;
				GCC_WARN_UNUSED_FUNCTION = YES;
				GCC_WARN_UNUSED_VARIABLE = YES;
				IPHONEOS_DEPLOYMENT_TARGET = 11.4;
				MTL_ENABLE_DEBUG_INFO = YES;
				ONLY_ACTIVE_ARCH = YES;
				SDKROOT = iphoneos;
				SWIFT_ACTIVE_COMPILATION_CONDITIONS = DEBUG;
				SWIFT_OPTIMIZATION_LEVEL = "-Onone";
			};
			name = Debug;
		};
		44B889CD213E295A00B54776 /* Release */ = {
			isa = XCBuildConfiguration;
			buildSettings = {
				ALWAYS_SEARCH_USER_PATHS = NO;
				CLANG_ANALYZER_NONNULL = YES;
				CLANG_ANALYZER_NUMBER_OBJECT_CONVERSION = YES_AGGRESSIVE;
				CLANG_CXX_LANGUAGE_STANDARD = "gnu++14";
				CLANG_CXX_LIBRARY = "libc++";
				CLANG_ENABLE_MODULES = YES;
				CLANG_ENABLE_OBJC_ARC = YES;
				CLANG_ENABLE_OBJC_WEAK = YES;
				CLANG_WARN_BLOCK_CAPTURE_AUTORELEASING = YES;
				CLANG_WARN_BOOL_CONVERSION = YES;
				CLANG_WARN_COMMA = YES;
				CLANG_WARN_CONSTANT_CONVERSION = YES;
				CLANG_WARN_DEPRECATED_OBJC_IMPLEMENTATIONS = YES;
				CLANG_WARN_DIRECT_OBJC_ISA_USAGE = YES_ERROR;
				CLANG_WARN_DOCUMENTATION_COMMENTS = YES;
				CLANG_WARN_EMPTY_BODY = YES;
				CLANG_WARN_ENUM_CONVERSION = YES;
				CLANG_WARN_INFINITE_RECURSION = YES;
				CLANG_WARN_INT_CONVERSION = YES;
				CLANG_WARN_NON_LITERAL_NULL_CONVERSION = YES;
				CLANG_WARN_OBJC_IMPLICIT_RETAIN_SELF = YES;
				CLANG_WARN_OBJC_LITERAL_CONVERSION = YES;
				CLANG_WARN_OBJC_ROOT_CLASS = YES_ERROR;
				CLANG_WARN_RANGE_LOOP_ANALYSIS = YES;
				CLANG_WARN_STRICT_PROTOTYPES = YES;
				CLANG_WARN_SUSPICIOUS_MOVE = YES;
				CLANG_WARN_UNGUARDED_AVAILABILITY = YES_AGGRESSIVE;
				CLANG_WARN_UNREACHABLE_CODE = YES;
				CLANG_WARN__DUPLICATE_METHOD_MATCH = YES;
				CODE_SIGN_IDENTITY = "iPhone Developer";
				COPY_PHASE_STRIP = NO;
				DEBUG_INFORMATION_FORMAT = "dwarf-with-dsym";
				ENABLE_NS_ASSERTIONS = NO;
				ENABLE_STRICT_OBJC_MSGSEND = YES;
				GCC_C_LANGUAGE_STANDARD = gnu11;
				GCC_NO_COMMON_BLOCKS = YES;
				GCC_WARN_64_TO_32_BIT_CONVERSION = YES;
				GCC_WARN_ABOUT_RETURN_TYPE = YES_ERROR;
				GCC_WARN_UNDECLARED_SELECTOR = YES;
				GCC_WARN_UNINITIALIZED_AUTOS = YES_AGGRESSIVE;
				GCC_WARN_UNUSED_FUNCTION = YES;
				GCC_WARN_UNUSED_VARIABLE = YES;
				IPHONEOS_DEPLOYMENT_TARGET = 11.4;
				MTL_ENABLE_DEBUG_INFO = NO;
				SDKROOT = iphoneos;
				SWIFT_COMPILATION_MODE = wholemodule;
				SWIFT_OPTIMIZATION_LEVEL = "-O";
				VALIDATE_PRODUCT = YES;
			};
			name = Release;
		};
		44B889CF213E295A00B54776 /* Debug */ = {
			isa = XCBuildConfiguration;
			baseConfigurationReference = 6A8B78DC329345BDC77F2838 /* Pods-bitcoinapp.debug.xcconfig */;
			buildSettings = {
				ASSETCATALOG_COMPILER_APPICON_NAME = AppIcon;
				CODE_SIGN_STYLE = Automatic;
				INFOPLIST_FILE = bitcoinapp/Info.plist;
				LD_RUNPATH_SEARCH_PATHS = (
					"$(inherited)",
					"@executable_path/Frameworks",
				);
				PRODUCT_BUNDLE_IDENTIFIER = com.yoshinbo.labo.bitcoinapp;
				PRODUCT_NAME = "$(TARGET_NAME)";
				SWIFT_VERSION = 4.0;
				TARGETED_DEVICE_FAMILY = "1,2";
			};
			name = Debug;
		};
		44B889D0213E295A00B54776 /* Release */ = {
			isa = XCBuildConfiguration;
			baseConfigurationReference = 39CBB122C826F002D74838AC /* Pods-bitcoinapp.release.xcconfig */;
			buildSettings = {
				ASSETCATALOG_COMPILER_APPICON_NAME = AppIcon;
				CODE_SIGN_STYLE = Automatic;
				INFOPLIST_FILE = bitcoinapp/Info.plist;
				LD_RUNPATH_SEARCH_PATHS = (
					"$(inherited)",
					"@executable_path/Frameworks",
				);
				PRODUCT_BUNDLE_IDENTIFIER = com.yoshinbo.labo.bitcoinapp;
				PRODUCT_NAME = "$(TARGET_NAME)";
				SWIFT_VERSION = 4.0;
				TARGETED_DEVICE_FAMILY = "1,2";
			};
			name = Release;
		};
		44B889D2213E295A00B54776 /* Debug */ = {
			isa = XCBuildConfiguration;
			baseConfigurationReference = A266E122B8973FA7F31CF6EB /* Pods-bitcoinappTests.debug.xcconfig */;
			buildSettings = {
				ALWAYS_EMBED_SWIFT_STANDARD_LIBRARIES = YES;
				BUNDLE_LOADER = "$(TEST_HOST)";
				CODE_SIGN_STYLE = Automatic;
				INFOPLIST_FILE = bitcoinappTests/Info.plist;
				LD_RUNPATH_SEARCH_PATHS = (
					"$(inherited)",
					"@executable_path/Frameworks",
					"@loader_path/Frameworks",
				);
				PRODUCT_BUNDLE_IDENTIFIER = com.yoshinbo.labo.bitcoinappTests;
				PRODUCT_NAME = "$(TARGET_NAME)";
				SWIFT_VERSION = 4.0;
				TARGETED_DEVICE_FAMILY = "1,2";
				TEST_HOST = "$(BUILT_PRODUCTS_DIR)/bitcoinapp.app/bitcoinapp";
			};
			name = Debug;
		};
		44B889D3213E295A00B54776 /* Release */ = {
			isa = XCBuildConfiguration;
			baseConfigurationReference = 2238900BAA8BA4D730C9EF14 /* Pods-bitcoinappTests.release.xcconfig */;
			buildSettings = {
				ALWAYS_EMBED_SWIFT_STANDARD_LIBRARIES = YES;
				BUNDLE_LOADER = "$(TEST_HOST)";
				CODE_SIGN_STYLE = Automatic;
				INFOPLIST_FILE = bitcoinappTests/Info.plist;
				LD_RUNPATH_SEARCH_PATHS = (
					"$(inherited)",
					"@executable_path/Frameworks",
					"@loader_path/Frameworks",
				);
				PRODUCT_BUNDLE_IDENTIFIER = com.yoshinbo.labo.bitcoinappTests;
				PRODUCT_NAME = "$(TARGET_NAME)";
				SWIFT_VERSION = 4.0;
				TARGETED_DEVICE_FAMILY = "1,2";
				TEST_HOST = "$(BUILT_PRODUCTS_DIR)/bitcoinapp.app/bitcoinapp";
			};
			name = Release;
		};
		44B889D5213E295A00B54776 /* Debug */ = {
			isa = XCBuildConfiguration;
			baseConfigurationReference = 260022EDD6412347127CBE09 /* Pods-bitcoinappUITests.debug.xcconfig */;
			buildSettings = {
				ALWAYS_EMBED_SWIFT_STANDARD_LIBRARIES = YES;
				CODE_SIGN_STYLE = Automatic;
				INFOPLIST_FILE = bitcoinappUITests/Info.plist;
				LD_RUNPATH_SEARCH_PATHS = (
					"$(inherited)",
					"@executable_path/Frameworks",
					"@loader_path/Frameworks",
				);
				PRODUCT_BUNDLE_IDENTIFIER = com.yoshinbo.labo.bitcoinappUITests;
				PRODUCT_NAME = "$(TARGET_NAME)";
				SWIFT_VERSION = 4.0;
				TARGETED_DEVICE_FAMILY = "1,2";
				TEST_TARGET_NAME = bitcoinapp;
			};
			name = Debug;
		};
		44B889D6213E295A00B54776 /* Release */ = {
			isa = XCBuildConfiguration;
			baseConfigurationReference = 8CC98887D4611FF078FE1909 /* Pods-bitcoinappUITests.release.xcconfig */;
			buildSettings = {
				ALWAYS_EMBED_SWIFT_STANDARD_LIBRARIES = YES;
				CODE_SIGN_STYLE = Automatic;
				INFOPLIST_FILE = bitcoinappUITests/Info.plist;
				LD_RUNPATH_SEARCH_PATHS = (
					"$(inherited)",
					"@executable_path/Frameworks",
					"@loader_path/Frameworks",
				);
				PRODUCT_BUNDLE_IDENTIFIER = com.yoshinbo.labo.bitcoinappUITests;
				PRODUCT_NAME = "$(TARGET_NAME)";
				SWIFT_VERSION = 4.0;
				TARGETED_DEVICE_FAMILY = "1,2";
				TEST_TARGET_NAME = bitcoinapp;
			};
			name = Release;
		};
/* End XCBuildConfiguration section */

/* Begin XCConfigurationList section */
		44B889A1213E295800B54776 /* Build configuration list for PBXProject "bitcoinapp" */ = {
			isa = XCConfigurationList;
			buildConfigurations = (
				44B889CC213E295A00B54776 /* Debug */,
				44B889CD213E295A00B54776 /* Release */,
			);
			defaultConfigurationIsVisible = 0;
			defaultConfigurationName = Release;
		};
		44B889CE213E295A00B54776 /* Build configuration list for PBXNativeTarget "bitcoinapp" */ = {
			isa = XCConfigurationList;
			buildConfigurations = (
				44B889CF213E295A00B54776 /* Debug */,
				44B889D0213E295A00B54776 /* Release */,
			);
			defaultConfigurationIsVisible = 0;
			defaultConfigurationName = Release;
		};
		44B889D1213E295A00B54776 /* Build configuration list for PBXNativeTarget "bitcoinappTests" */ = {
			isa = XCConfigurationList;
			buildConfigurations = (
				44B889D2213E295A00B54776 /* Debug */,
				44B889D3213E295A00B54776 /* Release */,
			);
			defaultConfigurationIsVisible = 0;
			defaultConfigurationName = Release;
		};
		44B889D4213E295A00B54776 /* Build configuration list for PBXNativeTarget "bitcoinappUITests" */ = {
			isa = XCConfigurationList;
			buildConfigurations = (
				44B889D5213E295A00B54776 /* Debug */,
				44B889D6213E295A00B54776 /* Release */,
			);
			defaultConfigurationIsVisible = 0;
			defaultConfigurationName = Release;
		};
/* End XCConfigurationList section */
	};
	rootObject = 44B8899E213E295800B54776 /* Project object */;
}
